// !$*UTF8*$!
{
	archiveVersion = 1;
	classes = {
	};
	objectVersion = 56;
	objects = {

/* Begin PBXBuildFile section */
		DDE1BBCD2A8B641500E5AC8D /* AppDelegate.swift in Sources */ = {isa = PBXBuildFile; fileRef = DDE1BBCC2A8B641500E5AC8D /* AppDelegate.swift */; };
		DDE1BBCF2A8B641500E5AC8D /* SceneDelegate.swift in Sources */ = {isa = PBXBuildFile; fileRef = DDE1BBCE2A8B641500E5AC8D /* SceneDelegate.swift */; };
		DDE1BBD12A8B641500E5AC8D /* CalculatorVC.swift in Sources */ = {isa = PBXBuildFile; fileRef = DDE1BBD02A8B641500E5AC8D /* CalculatorVC.swift */; };
		DDE1BBD62A8B641700E5AC8D /* Assets.xcassets in Resources */ = {isa = PBXBuildFile; fileRef = DDE1BBD52A8B641700E5AC8D /* Assets.xcassets */; };
		DDE1BBD92A8B641700E5AC8D /* LaunchScreen.storyboard in Resources */ = {isa = PBXBuildFile; fileRef = DDE1BBD72A8B641700E5AC8D /* LaunchScreen.storyboard */; };
		DDE1BBE42A8B641700E5AC8D /* Tip_CalculatorTests.swift in Sources */ = {isa = PBXBuildFile; fileRef = DDE1BBE32A8B641700E5AC8D /* Tip_CalculatorTests.swift */; };
		DDE1BBEE2A8B641700E5AC8D /* Tip_CalculatorUITests.swift in Sources */ = {isa = PBXBuildFile; fileRef = DDE1BBED2A8B641700E5AC8D /* Tip_CalculatorUITests.swift */; };
		DDE1BBF02A8B641700E5AC8D /* Tip_CalculatorUITestsLaunchTests.swift in Sources */ = {isa = PBXBuildFile; fileRef = DDE1BBEF2A8B641700E5AC8D /* Tip_CalculatorUITestsLaunchTests.swift */; };
		DDE1BC012A8B64BD00E5AC8D /* CombineCocoa in Frameworks */ = {isa = PBXBuildFile; productRef = DDE1BC002A8B64BD00E5AC8D /* CombineCocoa */; };
		DDE1BC042A8B64E300E5AC8D /* SnapKit in Frameworks */ = {isa = PBXBuildFile; productRef = DDE1BC032A8B64E300E5AC8D /* SnapKit */; };
		DDE1BC072A8B653D00E5AC8D /* CombineCocoa in Frameworks */ = {isa = PBXBuildFile; productRef = DDE1BC062A8B653D00E5AC8D /* CombineCocoa */; };
		DDE1BC0A2A8B659700E5AC8D /* SnapshotTesting in Frameworks */ = {isa = PBXBuildFile; productRef = DDE1BC092A8B659700E5AC8D /* SnapshotTesting */; };
		DDE1BC0C2A8B65B800E5AC8D /* CombineCocoa in Frameworks */ = {isa = PBXBuildFile; productRef = DDE1BC0B2A8B65B800E5AC8D /* CombineCocoa */; };
		DDE1BC0F2A8B686200E5AC8D /* LogoView.swift in Sources */ = {isa = PBXBuildFile; fileRef = DDE1BC0E2A8B686200E5AC8D /* LogoView.swift */; };
		DDE1BC112A8B699600E5AC8D /* ResultView.swift in Sources */ = {isa = PBXBuildFile; fileRef = DDE1BC102A8B699600E5AC8D /* ResultView.swift */; };
		DDE1BC132A8B69D000E5AC8D /* BillInputView.swift in Sources */ = {isa = PBXBuildFile; fileRef = DDE1BC122A8B69D000E5AC8D /* BillInputView.swift */; };
		DDE1BC152A8B69EC00E5AC8D /* TipInputView.swift in Sources */ = {isa = PBXBuildFile; fileRef = DDE1BC142A8B69EC00E5AC8D /* TipInputView.swift */; };
		DDE1BC172A8B6A0300E5AC8D /* SplitInputView.swift in Sources */ = {isa = PBXBuildFile; fileRef = DDE1BC162A8B6A0300E5AC8D /* SplitInputView.swift */; };
		DDE1BC1A2A8B761600E5AC8D /* ThemeColor.swift in Sources */ = {isa = PBXBuildFile; fileRef = DDE1BC192A8B761600E5AC8D /* ThemeColor.swift */; };
		DDE1BC1C2A8B762000E5AC8D /* ThemeFont.swift in Sources */ = {isa = PBXBuildFile; fileRef = DDE1BC1B2A8B762000E5AC8D /* ThemeFont.swift */; };
		DDE1BC1F2A8B766100E5AC8D /* UIColor+Extension.swift in Sources */ = {isa = PBXBuildFile; fileRef = DDE1BC1E2A8B766100E5AC8D /* UIColor+Extension.swift */; };
		DDE1BC222A8B7BBB00E5AC8D /* LabelFactory.swift in Sources */ = {isa = PBXBuildFile; fileRef = DDE1BC212A8B7BBB00E5AC8D /* LabelFactory.swift */; };
		DDE1BC242A8B87C000E5AC8D /* UIView+Extension.swift in Sources */ = {isa = PBXBuildFile; fileRef = DDE1BC232A8B87C000E5AC8D /* UIView+Extension.swift */; };
		DDE1BC262A8B8DFF00E5AC8D /* AmountView.swift in Sources */ = {isa = PBXBuildFile; fileRef = DDE1BC252A8B8DFF00E5AC8D /* AmountView.swift */; };
		DDE1BC282A8B95CE00E5AC8D /* HeaderView.swift in Sources */ = {isa = PBXBuildFile; fileRef = DDE1BC272A8B95CE00E5AC8D /* HeaderView.swift */; };
		DDE1BC2B2A8B9B8800E5AC8D /* Tip.swift in Sources */ = {isa = PBXBuildFile; fileRef = DDE1BC2A2A8B9B8800E5AC8D /* Tip.swift */; };
		DDE1BC2E2A8BA02F00E5AC8D /* CalculatorVM.swift in Sources */ = {isa = PBXBuildFile; fileRef = DDE1BC2D2A8BA02F00E5AC8D /* CalculatorVM.swift */; };
		DDE1BC302A8BA15500E5AC8D /* Result.swift in Sources */ = {isa = PBXBuildFile; fileRef = DDE1BC2F2A8BA15500E5AC8D /* Result.swift */; };
		DDE1BC322A8BBB1000E5AC8D /* String+Extension.swift in Sources */ = {isa = PBXBuildFile; fileRef = DDE1BC312A8BBB1000E5AC8D /* String+Extension.swift */; };
		DDE1BC342A8BC91400E5AC8D /* UIResponder+Extension.swift in Sources */ = {isa = PBXBuildFile; fileRef = DDE1BC332A8BC91400E5AC8D /* UIResponder+Extension.swift */; };
		DDE1BC362A8BE53A00E5AC8D /* Int+Extension.swift in Sources */ = {isa = PBXBuildFile; fileRef = DDE1BC352A8BE53A00E5AC8D /* Int+Extension.swift */; };
		DDE1BC382A8BEC7300E5AC8D /* Double+Extension.swift in Sources */ = {isa = PBXBuildFile; fileRef = DDE1BC372A8BEC7300E5AC8D /* Double+Extension.swift */; };
		DDE1BC3B2A8BF35200E5AC8D /* click.m4a in Resources */ = {isa = PBXBuildFile; fileRef = DDE1BC3A2A8BF35200E5AC8D /* click.m4a */; };
		DDE1BC3E2A8BF37900E5AC8D /* AudioPlayerService.swift in Sources */ = {isa = PBXBuildFile; fileRef = DDE1BC3D2A8BF37900E5AC8D /* AudioPlayerService.swift */; };
		DDE1BC402A8C1AD200E5AC8D /* Tip_CalculatorSnapshotTests.swift in Sources */ = {isa = PBXBuildFile; fileRef = DDE1BC3F2A8C1AD100E5AC8D /* Tip_CalculatorSnapshotTests.swift */; };
/* End PBXBuildFile section */

/* Begin PBXContainerItemProxy section */
		DDE1BBE02A8B641700E5AC8D /* PBXContainerItemProxy */ = {
			isa = PBXContainerItemProxy;
			containerPortal = DDE1BBC12A8B641400E5AC8D /* Project object */;
			proxyType = 1;
			remoteGlobalIDString = DDE1BBC82A8B641500E5AC8D;
			remoteInfo = "Tip-Calculator";
		};
		DDE1BBEA2A8B641700E5AC8D /* PBXContainerItemProxy */ = {
			isa = PBXContainerItemProxy;
			containerPortal = DDE1BBC12A8B641400E5AC8D /* Project object */;
			proxyType = 1;
			remoteGlobalIDString = DDE1BBC82A8B641500E5AC8D;
			remoteInfo = "Tip-Calculator";
		};
/* End PBXContainerItemProxy section */

/* Begin PBXFileReference section */
		DDE1BBC92A8B641500E5AC8D /* Tip-Calculator.app */ = {isa = PBXFileReference; explicitFileType = wrapper.application; includeInIndex = 0; path = "Tip-Calculator.app"; sourceTree = BUILT_PRODUCTS_DIR; };
		DDE1BBCC2A8B641500E5AC8D /* AppDelegate.swift */ = {isa = PBXFileReference; lastKnownFileType = sourcecode.swift; path = AppDelegate.swift; sourceTree = "<group>"; };
		DDE1BBCE2A8B641500E5AC8D /* SceneDelegate.swift */ = {isa = PBXFileReference; lastKnownFileType = sourcecode.swift; path = SceneDelegate.swift; sourceTree = "<group>"; };
		DDE1BBD02A8B641500E5AC8D /* CalculatorVC.swift */ = {isa = PBXFileReference; lastKnownFileType = sourcecode.swift; path = CalculatorVC.swift; sourceTree = "<group>"; };
		DDE1BBD52A8B641700E5AC8D /* Assets.xcassets */ = {isa = PBXFileReference; lastKnownFileType = folder.assetcatalog; path = Assets.xcassets; sourceTree = "<group>"; };
		DDE1BBD82A8B641700E5AC8D /* Base */ = {isa = PBXFileReference; lastKnownFileType = file.storyboard; name = Base; path = Base.lproj/LaunchScreen.storyboard; sourceTree = "<group>"; };
		DDE1BBDA2A8B641700E5AC8D /* Info.plist */ = {isa = PBXFileReference; lastKnownFileType = text.plist.xml; path = Info.plist; sourceTree = "<group>"; };
		DDE1BBDF2A8B641700E5AC8D /* Tip-CalculatorTests.xctest */ = {isa = PBXFileReference; explicitFileType = wrapper.cfbundle; includeInIndex = 0; path = "Tip-CalculatorTests.xctest"; sourceTree = BUILT_PRODUCTS_DIR; };
		DDE1BBE32A8B641700E5AC8D /* Tip_CalculatorTests.swift */ = {isa = PBXFileReference; lastKnownFileType = sourcecode.swift; path = Tip_CalculatorTests.swift; sourceTree = "<group>"; };
		DDE1BBE92A8B641700E5AC8D /* Tip-CalculatorUITests.xctest */ = {isa = PBXFileReference; explicitFileType = wrapper.cfbundle; includeInIndex = 0; path = "Tip-CalculatorUITests.xctest"; sourceTree = BUILT_PRODUCTS_DIR; };
		DDE1BBED2A8B641700E5AC8D /* Tip_CalculatorUITests.swift */ = {isa = PBXFileReference; lastKnownFileType = sourcecode.swift; path = Tip_CalculatorUITests.swift; sourceTree = "<group>"; };
		DDE1BBEF2A8B641700E5AC8D /* Tip_CalculatorUITestsLaunchTests.swift */ = {isa = PBXFileReference; lastKnownFileType = sourcecode.swift; path = Tip_CalculatorUITestsLaunchTests.swift; sourceTree = "<group>"; };
		DDE1BC0E2A8B686200E5AC8D /* LogoView.swift */ = {isa = PBXFileReference; lastKnownFileType = sourcecode.swift; path = LogoView.swift; sourceTree = "<group>"; };
		DDE1BC102A8B699600E5AC8D /* ResultView.swift */ = {isa = PBXFileReference; lastKnownFileType = sourcecode.swift; path = ResultView.swift; sourceTree = "<group>"; };
		DDE1BC122A8B69D000E5AC8D /* BillInputView.swift */ = {isa = PBXFileReference; lastKnownFileType = sourcecode.swift; path = BillInputView.swift; sourceTree = "<group>"; };
		DDE1BC142A8B69EC00E5AC8D /* TipInputView.swift */ = {isa = PBXFileReference; lastKnownFileType = sourcecode.swift; path = TipInputView.swift; sourceTree = "<group>"; };
		DDE1BC162A8B6A0300E5AC8D /* SplitInputView.swift */ = {isa = PBXFileReference; lastKnownFileType = sourcecode.swift; path = SplitInputView.swift; sourceTree = "<group>"; };
		DDE1BC192A8B761600E5AC8D /* ThemeColor.swift */ = {isa = PBXFileReference; lastKnownFileType = sourcecode.swift; path = ThemeColor.swift; sourceTree = "<group>"; };
		DDE1BC1B2A8B762000E5AC8D /* ThemeFont.swift */ = {isa = PBXFileReference; lastKnownFileType = sourcecode.swift; path = ThemeFont.swift; sourceTree = "<group>"; };
		DDE1BC1E2A8B766100E5AC8D /* UIColor+Extension.swift */ = {isa = PBXFileReference; lastKnownFileType = sourcecode.swift; path = "UIColor+Extension.swift"; sourceTree = "<group>"; };
		DDE1BC212A8B7BBB00E5AC8D /* LabelFactory.swift */ = {isa = PBXFileReference; lastKnownFileType = sourcecode.swift; path = LabelFactory.swift; sourceTree = "<group>"; };
		DDE1BC232A8B87C000E5AC8D /* UIView+Extension.swift */ = {isa = PBXFileReference; lastKnownFileType = sourcecode.swift; path = "UIView+Extension.swift"; sourceTree = "<group>"; };
		DDE1BC252A8B8DFF00E5AC8D /* AmountView.swift */ = {isa = PBXFileReference; lastKnownFileType = sourcecode.swift; path = AmountView.swift; sourceTree = "<group>"; };
		DDE1BC272A8B95CE00E5AC8D /* HeaderView.swift */ = {isa = PBXFileReference; lastKnownFileType = sourcecode.swift; path = HeaderView.swift; sourceTree = "<group>"; };
		DDE1BC2A2A8B9B8800E5AC8D /* Tip.swift */ = {isa = PBXFileReference; lastKnownFileType = sourcecode.swift; path = Tip.swift; sourceTree = "<group>"; };
		DDE1BC2D2A8BA02F00E5AC8D /* CalculatorVM.swift */ = {isa = PBXFileReference; lastKnownFileType = sourcecode.swift; path = CalculatorVM.swift; sourceTree = "<group>"; };
		DDE1BC2F2A8BA15500E5AC8D /* Result.swift */ = {isa = PBXFileReference; lastKnownFileType = sourcecode.swift; path = Result.swift; sourceTree = "<group>"; };
		DDE1BC312A8BBB1000E5AC8D /* String+Extension.swift */ = {isa = PBXFileReference; lastKnownFileType = sourcecode.swift; path = "String+Extension.swift"; sourceTree = "<group>"; };
		DDE1BC332A8BC91400E5AC8D /* UIResponder+Extension.swift */ = {isa = PBXFileReference; lastKnownFileType = sourcecode.swift; path = "UIResponder+Extension.swift"; sourceTree = "<group>"; };
		DDE1BC352A8BE53A00E5AC8D /* Int+Extension.swift */ = {isa = PBXFileReference; lastKnownFileType = sourcecode.swift; path = "Int+Extension.swift"; sourceTree = "<group>"; };
		DDE1BC372A8BEC7300E5AC8D /* Double+Extension.swift */ = {isa = PBXFileReference; lastKnownFileType = sourcecode.swift; path = "Double+Extension.swift"; sourceTree = "<group>"; };
		DDE1BC3A2A8BF35200E5AC8D /* click.m4a */ = {isa = PBXFileReference; lastKnownFileType = file; path = click.m4a; sourceTree = "<group>"; };
		DDE1BC3D2A8BF37900E5AC8D /* AudioPlayerService.swift */ = {isa = PBXFileReference; lastKnownFileType = sourcecode.swift; path = AudioPlayerService.swift; sourceTree = "<group>"; };
		DDE1BC3F2A8C1AD100E5AC8D /* Tip_CalculatorSnapshotTests.swift */ = {isa = PBXFileReference; lastKnownFileType = sourcecode.swift; path = Tip_CalculatorSnapshotTests.swift; sourceTree = "<group>"; };
/* End PBXFileReference section */

/* Begin PBXFrameworksBuildPhase section */
		DDE1BBC62A8B641500E5AC8D /* Frameworks */ = {
			isa = PBXFrameworksBuildPhase;
			buildActionMask = 2147483647;
			files = (
				DDE1BC012A8B64BD00E5AC8D /* CombineCocoa in Frameworks */,
				DDE1BC042A8B64E300E5AC8D /* SnapKit in Frameworks */,
			);
			runOnlyForDeploymentPostprocessing = 0;
		};
		DDE1BBDC2A8B641700E5AC8D /* Frameworks */ = {
			isa = PBXFrameworksBuildPhase;
			buildActionMask = 2147483647;
			files = (
				DDE1BC072A8B653D00E5AC8D /* CombineCocoa in Frameworks */,
				DDE1BC0A2A8B659700E5AC8D /* SnapshotTesting in Frameworks */,
			);
			runOnlyForDeploymentPostprocessing = 0;
		};
		DDE1BBE62A8B641700E5AC8D /* Frameworks */ = {
			isa = PBXFrameworksBuildPhase;
			buildActionMask = 2147483647;
			files = (
				DDE1BC0C2A8B65B800E5AC8D /* CombineCocoa in Frameworks */,
			);
			runOnlyForDeploymentPostprocessing = 0;
		};
/* End PBXFrameworksBuildPhase section */

/* Begin PBXGroup section */
		DDE1BBC02A8B641400E5AC8D = {
			isa = PBXGroup;
			children = (
				DDE1BBCB2A8B641500E5AC8D /* Tip-Calculator */,
				DDE1BBE22A8B641700E5AC8D /* Tip-CalculatorTests */,
				DDE1BBEC2A8B641700E5AC8D /* Tip-CalculatorUITests */,
				DDE1BBCA2A8B641500E5AC8D /* Products */,
				DDE1BC052A8B653D00E5AC8D /* Frameworks */,
			);
			sourceTree = "<group>";
		};
		DDE1BBCA2A8B641500E5AC8D /* Products */ = {
			isa = PBXGroup;
			children = (
				DDE1BBC92A8B641500E5AC8D /* Tip-Calculator.app */,
				DDE1BBDF2A8B641700E5AC8D /* Tip-CalculatorTests.xctest */,
				DDE1BBE92A8B641700E5AC8D /* Tip-CalculatorUITests.xctest */,
			);
			name = Products;
			sourceTree = "<group>";
		};
		DDE1BBCB2A8B641500E5AC8D /* Tip-Calculator */ = {
			isa = PBXGroup;
			children = (
				DDE1BC3C2A8BF36900E5AC8D /* Service */,
				DDE1BC392A8BF31600E5AC8D /* Resource */,
				DDE1BC2C2A8BA02300E5AC8D /* ViewModel */,
				DDE1BC292A8B9B7500E5AC8D /* Model */,
				DDE1BC202A8B7BAE00E5AC8D /* Factory */,
				DDE1BC1D2A8B764E00E5AC8D /* Extension */,
				DDE1BC182A8B760200E5AC8D /* Config */,
				DDE1BC0D2A8B684800E5AC8D /* View */,
				DDE1BBCC2A8B641500E5AC8D /* AppDelegate.swift */,
				DDE1BBCE2A8B641500E5AC8D /* SceneDelegate.swift */,
				DDE1BBD02A8B641500E5AC8D /* CalculatorVC.swift */,
				DDE1BBD52A8B641700E5AC8D /* Assets.xcassets */,
				DDE1BBD72A8B641700E5AC8D /* LaunchScreen.storyboard */,
				DDE1BBDA2A8B641700E5AC8D /* Info.plist */,
			);
			path = "Tip-Calculator";
			sourceTree = "<group>";
		};
		DDE1BBE22A8B641700E5AC8D /* Tip-CalculatorTests */ = {
			isa = PBXGroup;
			children = (
				DDE1BBE32A8B641700E5AC8D /* Tip_CalculatorTests.swift */,
				DDE1BC3F2A8C1AD100E5AC8D /* Tip_CalculatorSnapshotTests.swift */,
			);
			path = "Tip-CalculatorTests";
			sourceTree = "<group>";
		};
		DDE1BBEC2A8B641700E5AC8D /* Tip-CalculatorUITests */ = {
			isa = PBXGroup;
			children = (
				DDE1BBED2A8B641700E5AC8D /* Tip_CalculatorUITests.swift */,
				DDE1BBEF2A8B641700E5AC8D /* Tip_CalculatorUITestsLaunchTests.swift */,
			);
			path = "Tip-CalculatorUITests";
			sourceTree = "<group>";
		};
		DDE1BC052A8B653D00E5AC8D /* Frameworks */ = {
			isa = PBXGroup;
			children = (
			);
			name = Frameworks;
			sourceTree = "<group>";
		};
		DDE1BC0D2A8B684800E5AC8D /* View */ = {
			isa = PBXGroup;
			children = (
				DDE1BC0E2A8B686200E5AC8D /* LogoView.swift */,
				DDE1BC102A8B699600E5AC8D /* ResultView.swift */,
				DDE1BC122A8B69D000E5AC8D /* BillInputView.swift */,
				DDE1BC142A8B69EC00E5AC8D /* TipInputView.swift */,
				DDE1BC162A8B6A0300E5AC8D /* SplitInputView.swift */,
				DDE1BC252A8B8DFF00E5AC8D /* AmountView.swift */,
				DDE1BC272A8B95CE00E5AC8D /* HeaderView.swift */,
			);
			path = View;
			sourceTree = "<group>";
		};
		DDE1BC182A8B760200E5AC8D /* Config */ = {
			isa = PBXGroup;
			children = (
				DDE1BC192A8B761600E5AC8D /* ThemeColor.swift */,
				DDE1BC1B2A8B762000E5AC8D /* ThemeFont.swift */,
			);
			path = Config;
			sourceTree = "<group>";
		};
		DDE1BC1D2A8B764E00E5AC8D /* Extension */ = {
			isa = PBXGroup;
			children = (
				DDE1BC1E2A8B766100E5AC8D /* UIColor+Extension.swift */,
				DDE1BC232A8B87C000E5AC8D /* UIView+Extension.swift */,
				DDE1BC312A8BBB1000E5AC8D /* String+Extension.swift */,
				DDE1BC332A8BC91400E5AC8D /* UIResponder+Extension.swift */,
				DDE1BC352A8BE53A00E5AC8D /* Int+Extension.swift */,
				DDE1BC372A8BEC7300E5AC8D /* Double+Extension.swift */,
			);
			path = Extension;
			sourceTree = "<group>";
		};
		DDE1BC202A8B7BAE00E5AC8D /* Factory */ = {
			isa = PBXGroup;
			children = (
				DDE1BC212A8B7BBB00E5AC8D /* LabelFactory.swift */,
			);
			path = Factory;
			sourceTree = "<group>";
		};
		DDE1BC292A8B9B7500E5AC8D /* Model */ = {
			isa = PBXGroup;
			children = (
				DDE1BC2A2A8B9B8800E5AC8D /* Tip.swift */,
				DDE1BC2F2A8BA15500E5AC8D /* Result.swift */,
			);
			path = Model;
			sourceTree = "<group>";
		};
		DDE1BC2C2A8BA02300E5AC8D /* ViewModel */ = {
			isa = PBXGroup;
			children = (
				DDE1BC2D2A8BA02F00E5AC8D /* CalculatorVM.swift */,
			);
			path = ViewModel;
			sourceTree = "<group>";
		};
		DDE1BC392A8BF31600E5AC8D /* Resource */ = {
			isa = PBXGroup;
			children = (
				DDE1BC3A2A8BF35200E5AC8D /* click.m4a */,
			);
			path = Resource;
			sourceTree = "<group>";
		};
		DDE1BC3C2A8BF36900E5AC8D /* Service */ = {
			isa = PBXGroup;
			children = (
				DDE1BC3D2A8BF37900E5AC8D /* AudioPlayerService.swift */,
			);
			path = Service;
			sourceTree = "<group>";
		};
/* End PBXGroup section */

/* Begin PBXNativeTarget section */
		DDE1BBC82A8B641500E5AC8D /* Tip-Calculator */ = {
			isa = PBXNativeTarget;
			buildConfigurationList = DDE1BBF32A8B641700E5AC8D /* Build configuration list for PBXNativeTarget "Tip-Calculator" */;
			buildPhases = (
				DDE1BBC52A8B641500E5AC8D /* Sources */,
				DDE1BBC62A8B641500E5AC8D /* Frameworks */,
				DDE1BBC72A8B641500E5AC8D /* Resources */,
			);
			buildRules = (
			);
			dependencies = (
			);
			name = "Tip-Calculator";
			packageProductDependencies = (
				DDE1BC002A8B64BD00E5AC8D /* CombineCocoa */,
				DDE1BC032A8B64E300E5AC8D /* SnapKit */,
			);
			productName = "Tip-Calculator";
			productReference = DDE1BBC92A8B641500E5AC8D /* Tip-Calculator.app */;
			productType = "com.apple.product-type.application";
		};
		DDE1BBDE2A8B641700E5AC8D /* Tip-CalculatorTests */ = {
			isa = PBXNativeTarget;
			buildConfigurationList = DDE1BBF62A8B641700E5AC8D /* Build configuration list for PBXNativeTarget "Tip-CalculatorTests" */;
			buildPhases = (
				DDE1BBDB2A8B641700E5AC8D /* Sources */,
				DDE1BBDC2A8B641700E5AC8D /* Frameworks */,
				DDE1BBDD2A8B641700E5AC8D /* Resources */,
			);
			buildRules = (
			);
			dependencies = (
				DDE1BBE12A8B641700E5AC8D /* PBXTargetDependency */,
			);
			name = "Tip-CalculatorTests";
			packageProductDependencies = (
				DDE1BC062A8B653D00E5AC8D /* CombineCocoa */,
				DDE1BC092A8B659700E5AC8D /* SnapshotTesting */,
			);
			productName = "Tip-CalculatorTests";
			productReference = DDE1BBDF2A8B641700E5AC8D /* Tip-CalculatorTests.xctest */;
			productType = "com.apple.product-type.bundle.unit-test";
		};
		DDE1BBE82A8B641700E5AC8D /* Tip-CalculatorUITests */ = {
			isa = PBXNativeTarget;
			buildConfigurationList = DDE1BBF92A8B641700E5AC8D /* Build configuration list for PBXNativeTarget "Tip-CalculatorUITests" */;
			buildPhases = (
				DDE1BBE52A8B641700E5AC8D /* Sources */,
				DDE1BBE62A8B641700E5AC8D /* Frameworks */,
				DDE1BBE72A8B641700E5AC8D /* Resources */,
			);
			buildRules = (
			);
			dependencies = (
				DDE1BBEB2A8B641700E5AC8D /* PBXTargetDependency */,
			);
			name = "Tip-CalculatorUITests";
			packageProductDependencies = (
				DDE1BC0B2A8B65B800E5AC8D /* CombineCocoa */,
			);
			productName = "Tip-CalculatorUITests";
			productReference = DDE1BBE92A8B641700E5AC8D /* Tip-CalculatorUITests.xctest */;
			productType = "com.apple.product-type.bundle.ui-testing";
		};
/* End PBXNativeTarget section */

/* Begin PBXProject section */
		DDE1BBC12A8B641400E5AC8D /* Project object */ = {
			isa = PBXProject;
			attributes = {
				BuildIndependentTargetsInParallel = 1;
				LastSwiftUpdateCheck = 1430;
				LastUpgradeCheck = 1430;
				TargetAttributes = {
					DDE1BBC82A8B641500E5AC8D = {
						CreatedOnToolsVersion = 14.3.1;
					};
					DDE1BBDE2A8B641700E5AC8D = {
						CreatedOnToolsVersion = 14.3.1;
						TestTargetID = DDE1BBC82A8B641500E5AC8D;
					};
					DDE1BBE82A8B641700E5AC8D = {
						CreatedOnToolsVersion = 14.3.1;
						TestTargetID = DDE1BBC82A8B641500E5AC8D;
					};
				};
			};
			buildConfigurationList = DDE1BBC42A8B641400E5AC8D /* Build configuration list for PBXProject "Tip-Calculator" */;
			compatibilityVersion = "Xcode 14.0";
			developmentRegion = en;
			hasScannedForEncodings = 0;
			knownRegions = (
				en,
				Base,
			);
			mainGroup = DDE1BBC02A8B641400E5AC8D;
			packageReferences = (
				DDE1BBFF2A8B64BD00E5AC8D /* XCRemoteSwiftPackageReference "CombineCocoa" */,
				DDE1BC022A8B64E300E5AC8D /* XCRemoteSwiftPackageReference "SnapKit" */,
				DDE1BC082A8B659700E5AC8D /* XCRemoteSwiftPackageReference "swift-snapshot-testing" */,
			);
			productRefGroup = DDE1BBCA2A8B641500E5AC8D /* Products */;
			projectDirPath = "";
			projectRoot = "";
			targets = (
				DDE1BBC82A8B641500E5AC8D /* Tip-Calculator */,
				DDE1BBDE2A8B641700E5AC8D /* Tip-CalculatorTests */,
				DDE1BBE82A8B641700E5AC8D /* Tip-CalculatorUITests */,
			);
		};
/* End PBXProject section */

/* Begin PBXResourcesBuildPhase section */
		DDE1BBC72A8B641500E5AC8D /* Resources */ = {
			isa = PBXResourcesBuildPhase;
			buildActionMask = 2147483647;
			files = (
				DDE1BC3B2A8BF35200E5AC8D /* click.m4a in Resources */,
				DDE1BBD92A8B641700E5AC8D /* LaunchScreen.storyboard in Resources */,
				DDE1BBD62A8B641700E5AC8D /* Assets.xcassets in Resources */,
			);
			runOnlyForDeploymentPostprocessing = 0;
		};
		DDE1BBDD2A8B641700E5AC8D /* Resources */ = {
			isa = PBXResourcesBuildPhase;
			buildActionMask = 2147483647;
			files = (
			);
			runOnlyForDeploymentPostprocessing = 0;
		};
		DDE1BBE72A8B641700E5AC8D /* Resources */ = {
			isa = PBXResourcesBuildPhase;
			buildActionMask = 2147483647;
			files = (
			);
			runOnlyForDeploymentPostprocessing = 0;
		};
/* End PBXResourcesBuildPhase section */

/* Begin PBXSourcesBuildPhase section */
		DDE1BBC52A8B641500E5AC8D /* Sources */ = {
			isa = PBXSourcesBuildPhase;
			buildActionMask = 2147483647;
			files = (
				DDE1BC302A8BA15500E5AC8D /* Result.swift in Sources */,
				DDE1BC2E2A8BA02F00E5AC8D /* CalculatorVM.swift in Sources */,
				DDE1BC262A8B8DFF00E5AC8D /* AmountView.swift in Sources */,
				DDE1BC362A8BE53A00E5AC8D /* Int+Extension.swift in Sources */,
				DDE1BC2B2A8B9B8800E5AC8D /* Tip.swift in Sources */,
				DDE1BBD12A8B641500E5AC8D /* CalculatorVC.swift in Sources */,
				DDE1BC242A8B87C000E5AC8D /* UIView+Extension.swift in Sources */,
				DDE1BC0F2A8B686200E5AC8D /* LogoView.swift in Sources */,
				DDE1BC1A2A8B761600E5AC8D /* ThemeColor.swift in Sources */,
				DDE1BC132A8B69D000E5AC8D /* BillInputView.swift in Sources */,
				DDE1BC1F2A8B766100E5AC8D /* UIColor+Extension.swift in Sources */,
				DDE1BC112A8B699600E5AC8D /* ResultView.swift in Sources */,
				DDE1BC3E2A8BF37900E5AC8D /* AudioPlayerService.swift in Sources */,
				DDE1BC322A8BBB1000E5AC8D /* String+Extension.swift in Sources */,
				DDE1BBCD2A8B641500E5AC8D /* AppDelegate.swift in Sources */,
				DDE1BC1C2A8B762000E5AC8D /* ThemeFont.swift in Sources */,
				DDE1BC282A8B95CE00E5AC8D /* HeaderView.swift in Sources */,
				DDE1BC382A8BEC7300E5AC8D /* Double+Extension.swift in Sources */,
				DDE1BBCF2A8B641500E5AC8D /* SceneDelegate.swift in Sources */,
				DDE1BC222A8B7BBB00E5AC8D /* LabelFactory.swift in Sources */,
				DDE1BC342A8BC91400E5AC8D /* UIResponder+Extension.swift in Sources */,
				DDE1BC172A8B6A0300E5AC8D /* SplitInputView.swift in Sources */,
				DDE1BC152A8B69EC00E5AC8D /* TipInputView.swift in Sources */,
			);
			runOnlyForDeploymentPostprocessing = 0;
		};
		DDE1BBDB2A8B641700E5AC8D /* Sources */ = {
			isa = PBXSourcesBuildPhase;
			buildActionMask = 2147483647;
			files = (
				DDE1BBE42A8B641700E5AC8D /* Tip_CalculatorTests.swift in Sources */,
				DDE1BC402A8C1AD200E5AC8D /* Tip_CalculatorSnapshotTests.swift in Sources */,
			);
			runOnlyForDeploymentPostprocessing = 0;
		};
		DDE1BBE52A8B641700E5AC8D /* Sources */ = {
			isa = PBXSourcesBuildPhase;
			buildActionMask = 2147483647;
			files = (
				DDE1BBF02A8B641700E5AC8D /* Tip_CalculatorUITestsLaunchTests.swift in Sources */,
				DDE1BBEE2A8B641700E5AC8D /* Tip_CalculatorUITests.swift in Sources */,
			);
			runOnlyForDeploymentPostprocessing = 0;
		};
/* End PBXSourcesBuildPhase section */

/* Begin PBXTargetDependency section */
		DDE1BBE12A8B641700E5AC8D /* PBXTargetDependency */ = {
			isa = PBXTargetDependency;
			target = DDE1BBC82A8B641500E5AC8D /* Tip-Calculator */;
			targetProxy = DDE1BBE02A8B641700E5AC8D /* PBXContainerItemProxy */;
		};
		DDE1BBEB2A8B641700E5AC8D /* PBXTargetDependency */ = {
			isa = PBXTargetDependency;
			target = DDE1BBC82A8B641500E5AC8D /* Tip-Calculator */;
			targetProxy = DDE1BBEA2A8B641700E5AC8D /* PBXContainerItemProxy */;
		};
/* End PBXTargetDependency section */

/* Begin PBXVariantGroup section */
		DDE1BBD72A8B641700E5AC8D /* LaunchScreen.storyboard */ = {
			isa = PBXVariantGroup;
			children = (
				DDE1BBD82A8B641700E5AC8D /* Base */,
			);
			name = LaunchScreen.storyboard;
			sourceTree = "<group>";
		};
/* End PBXVariantGroup section */

/* Begin XCBuildConfiguration section */
		DDE1BBF12A8B641700E5AC8D /* Debug */ = {
			isa = XCBuildConfiguration;
			buildSettings = {
				ALWAYS_SEARCH_USER_PATHS = NO;
				CLANG_ANALYZER_NONNULL = YES;
				CLANG_ANALYZER_NUMBER_OBJECT_CONVERSION = YES_AGGRESSIVE;
				CLANG_CXX_LANGUAGE_STANDARD = "gnu++20";
				CLANG_ENABLE_MODULES = YES;
				CLANG_ENABLE_OBJC_ARC = YES;
				CLANG_ENABLE_OBJC_WEAK = YES;
				CLANG_WARN_BLOCK_CAPTURE_AUTORELEASING = YES;
				CLANG_WARN_BOOL_CONVERSION = YES;
				CLANG_WARN_COMMA = YES;
				CLANG_WARN_CONSTANT_CONVERSION = YES;
				CLANG_WARN_DEPRECATED_OBJC_IMPLEMENTATIONS = YES;
				CLANG_WARN_DIRECT_OBJC_ISA_USAGE = YES_ERROR;
				CLANG_WARN_DOCUMENTATION_COMMENTS = YES;
				CLANG_WARN_EMPTY_BODY = YES;
				CLANG_WARN_ENUM_CONVERSION = YES;
				CLANG_WARN_INFINITE_RECURSION = YES;
				CLANG_WARN_INT_CONVERSION = YES;
				CLANG_WARN_NON_LITERAL_NULL_CONVERSION = YES;
				CLANG_WARN_OBJC_IMPLICIT_RETAIN_SELF = YES;
				CLANG_WARN_OBJC_LITERAL_CONVERSION = YES;
				CLANG_WARN_OBJC_ROOT_CLASS = YES_ERROR;
				CLANG_WARN_QUOTED_INCLUDE_IN_FRAMEWORK_HEADER = YES;
				CLANG_WARN_RANGE_LOOP_ANALYSIS = YES;
				CLANG_WARN_STRICT_PROTOTYPES = YES;
				CLANG_WARN_SUSPICIOUS_MOVE = YES;
				CLANG_WARN_UNGUARDED_AVAILABILITY = YES_AGGRESSIVE;
				CLANG_WARN_UNREACHABLE_CODE = YES;
				CLANG_WARN__DUPLICATE_METHOD_MATCH = YES;
				COPY_PHASE_STRIP = NO;
				DEBUG_INFORMATION_FORMAT = dwarf;
				ENABLE_STRICT_OBJC_MSGSEND = YES;
				ENABLE_TESTABILITY = YES;
				GCC_C_LANGUAGE_STANDARD = gnu11;
				GCC_DYNAMIC_NO_PIC = NO;
				GCC_NO_COMMON_BLOCKS = YES;
				GCC_OPTIMIZATION_LEVEL = 0;
				GCC_PREPROCESSOR_DEFINITIONS = (
					"DEBUG=1",
					"$(inherited)",
				);
				GCC_WARN_64_TO_32_BIT_CONVERSION = YES;
				GCC_WARN_ABOUT_RETURN_TYPE = YES_ERROR;
				GCC_WARN_UNDECLARED_SELECTOR = YES;
				GCC_WARN_UNINITIALIZED_AUTOS = YES_AGGRESSIVE;
				GCC_WARN_UNUSED_FUNCTION = YES;
				GCC_WARN_UNUSED_VARIABLE = YES;
				IPHONEOS_DEPLOYMENT_TARGET = 16.4;
				MTL_ENABLE_DEBUG_INFO = INCLUDE_SOURCE;
				MTL_FAST_MATH = YES;
				ONLY_ACTIVE_ARCH = YES;
				SDKROOT = iphoneos;
				SWIFT_ACTIVE_COMPILATION_CONDITIONS = DEBUG;
				SWIFT_OPTIMIZATION_LEVEL = "-Onone";
			};
			name = Debug;
		};
		DDE1BBF22A8B641700E5AC8D /* Release */ = {
			isa = XCBuildConfiguration;
			buildSettings = {
				ALWAYS_SEARCH_USER_PATHS = NO;
				CLANG_ANALYZER_NONNULL = YES;
				CLANG_ANALYZER_NUMBER_OBJECT_CONVERSION = YES_AGGRESSIVE;
				CLANG_CXX_LANGUAGE_STANDARD = "gnu++20";
				CLANG_ENABLE_MODULES = YES;
				CLANG_ENABLE_OBJC_ARC = YES;
				CLANG_ENABLE_OBJC_WEAK = YES;
				CLANG_WARN_BLOCK_CAPTURE_AUTORELEASING = YES;
				CLANG_WARN_BOOL_CONVERSION = YES;
				CLANG_WARN_COMMA = YES;
				CLANG_WARN_CONSTANT_CONVERSION = YES;
				CLANG_WARN_DEPRECATED_OBJC_IMPLEMENTATIONS = YES;
				CLANG_WARN_DIRECT_OBJC_ISA_USAGE = YES_ERROR;
				CLANG_WARN_DOCUMENTATION_COMMENTS = YES;
				CLANG_WARN_EMPTY_BODY = YES;
				CLANG_WARN_ENUM_CONVERSION = YES;
				CLANG_WARN_INFINITE_RECURSION = YES;
				CLANG_WARN_INT_CONVERSION = YES;
				CLANG_WARN_NON_LITERAL_NULL_CONVERSION = YES;
				CLANG_WARN_OBJC_IMPLICIT_RETAIN_SELF = YES;
				CLANG_WARN_OBJC_LITERAL_CONVERSION = YES;
				CLANG_WARN_OBJC_ROOT_CLASS = YES_ERROR;
				CLANG_WARN_QUOTED_INCLUDE_IN_FRAMEWORK_HEADER = YES;
				CLANG_WARN_RANGE_LOOP_ANALYSIS = YES;
				CLANG_WARN_STRICT_PROTOTYPES = YES;
				CLANG_WARN_SUSPICIOUS_MOVE = YES;
				CLANG_WARN_UNGUARDED_AVAILABILITY = YES_AGGRESSIVE;
				CLANG_WARN_UNREACHABLE_CODE = YES;
				CLANG_WARN__DUPLICATE_METHOD_MATCH = YES;
				COPY_PHASE_STRIP = NO;
				DEBUG_INFORMATION_FORMAT = "dwarf-with-dsym";
				ENABLE_NS_ASSERTIONS = NO;
				ENABLE_STRICT_OBJC_MSGSEND = YES;
				GCC_C_LANGUAGE_STANDARD = gnu11;
				GCC_NO_COMMON_BLOCKS = YES;
				GCC_WARN_64_TO_32_BIT_CONVERSION = YES;
				GCC_WARN_ABOUT_RETURN_TYPE = YES_ERROR;
				GCC_WARN_UNDECLARED_SELECTOR = YES;
				GCC_WARN_UNINITIALIZED_AUTOS = YES_AGGRESSIVE;
				GCC_WARN_UNUSED_FUNCTION = YES;
				GCC_WARN_UNUSED_VARIABLE = YES;
				IPHONEOS_DEPLOYMENT_TARGET = 16.4;
				MTL_ENABLE_DEBUG_INFO = NO;
				MTL_FAST_MATH = YES;
				SDKROOT = iphoneos;
				SWIFT_COMPILATION_MODE = wholemodule;
				SWIFT_OPTIMIZATION_LEVEL = "-O";
				VALIDATE_PRODUCT = YES;
			};
			name = Release;
		};
		DDE1BBF42A8B641700E5AC8D /* Debug */ = {
			isa = XCBuildConfiguration;
			buildSettings = {
				ASSETCATALOG_COMPILER_APPICON_NAME = AppIcon;
				ASSETCATALOG_COMPILER_GLOBAL_ACCENT_COLOR_NAME = AccentColor;
				CODE_SIGN_STYLE = Automatic;
				CURRENT_PROJECT_VERSION = 1;
				DEVELOPMENT_TEAM = XQL347TANQ;
				GENERATE_INFOPLIST_FILE = YES;
				INFOPLIST_FILE = "Tip-Calculator/Info.plist";
				INFOPLIST_KEY_UIApplicationSupportsIndirectInputEvents = YES;
				INFOPLIST_KEY_UILaunchStoryboardName = LaunchScreen;
				INFOPLIST_KEY_UISupportedInterfaceOrientations_iPad = "UIInterfaceOrientationPortrait UIInterfaceOrientationPortraitUpsideDown UIInterfaceOrientationLandscapeLeft UIInterfaceOrientationLandscapeRight";
				INFOPLIST_KEY_UISupportedInterfaceOrientations_iPhone = "UIInterfaceOrientationPortrait UIInterfaceOrientationLandscapeLeft UIInterfaceOrientationLandscapeRight";
				LD_RUNPATH_SEARCH_PATHS = (
					"$(inherited)",
					"@executable_path/Frameworks",
				);
				MARKETING_VERSION = 1.0;
				PRODUCT_BUNDLE_IDENTIFIER = "com.doksoz.Tip-Calculator";
				PRODUCT_NAME = "$(TARGET_NAME)";
				SWIFT_EMIT_LOC_STRINGS = YES;
				SWIFT_VERSION = 5.0;
				TARGETED_DEVICE_FAMILY = "1,2";
			};
			name = Debug;
		};
		DDE1BBF52A8B641700E5AC8D /* Release */ = {
			isa = XCBuildConfiguration;
			buildSettings = {
				ASSETCATALOG_COMPILER_APPICON_NAME = AppIcon;
				ASSETCATALOG_COMPILER_GLOBAL_ACCENT_COLOR_NAME = AccentColor;
				CODE_SIGN_STYLE = Automatic;
				CURRENT_PROJECT_VERSION = 1;
				DEVELOPMENT_TEAM = XQL347TANQ;
				GENERATE_INFOPLIST_FILE = YES;
				INFOPLIST_FILE = "Tip-Calculator/Info.plist";
				INFOPLIST_KEY_UIApplicationSupportsIndirectInputEvents = YES;
				INFOPLIST_KEY_UILaunchStoryboardName = LaunchScreen;
				INFOPLIST_KEY_UISupportedInterfaceOrientations_iPad = "UIInterfaceOrientationPortrait UIInterfaceOrientationPortraitUpsideDown UIInterfaceOrientationLandscapeLeft UIInterfaceOrientationLandscapeRight";
				INFOPLIST_KEY_UISupportedInterfaceOrientations_iPhone = "UIInterfaceOrientationPortrait UIInterfaceOrientationLandscapeLeft UIInterfaceOrientationLandscapeRight";
				LD_RUNPATH_SEARCH_PATHS = (
					"$(inherited)",
					"@executable_path/Frameworks",
				);
				MARKETING_VERSION = 1.0;
				PRODUCT_BUNDLE_IDENTIFIER = "com.doksoz.Tip-Calculator";
				PRODUCT_NAME = "$(TARGET_NAME)";
				SWIFT_EMIT_LOC_STRINGS = YES;
				SWIFT_VERSION = 5.0;
				TARGETED_DEVICE_FAMILY = "1,2";
			};
			name = Release;
		};
		DDE1BBF72A8B641700E5AC8D /* Debug */ = {
			isa = XCBuildConfiguration;
			buildSettings = {
				ALWAYS_EMBED_SWIFT_STANDARD_LIBRARIES = YES;
				BUNDLE_LOADER = "$(TEST_HOST)";
				CODE_SIGN_STYLE = Automatic;
				CURRENT_PROJECT_VERSION = 1;
				DEVELOPMENT_TEAM = XQL347TANQ;
				GENERATE_INFOPLIST_FILE = YES;
				IPHONEOS_DEPLOYMENT_TARGET = 16.4;
				MARKETING_VERSION = 1.0;
				PRODUCT_BUNDLE_IDENTIFIER = "com.doksoz.Tip-CalculatorTests";
				PRODUCT_NAME = "$(TARGET_NAME)";
				SWIFT_EMIT_LOC_STRINGS = NO;
				SWIFT_VERSION = 5.0;
				TARGETED_DEVICE_FAMILY = "1,2";
				TEST_HOST = "$(BUILT_PRODUCTS_DIR)/Tip-Calculator.app/$(BUNDLE_EXECUTABLE_FOLDER_PATH)/Tip-Calculator";
			};
			name = Debug;
		};
		DDE1BBF82A8B641700E5AC8D /* Release */ = {
			isa = XCBuildConfiguration;
			buildSettings = {
				ALWAYS_EMBED_SWIFT_STANDARD_LIBRARIES = YES;
				BUNDLE_LOADER = "$(TEST_HOST)";
				CODE_SIGN_STYLE = Automatic;
				CURRENT_PROJECT_VERSION = 1;
				DEVELOPMENT_TEAM = XQL347TANQ;
				GENERATE_INFOPLIST_FILE = YES;
				IPHONEOS_DEPLOYMENT_TARGET = 16.4;
				MARKETING_VERSION = 1.0;
				PRODUCT_BUNDLE_IDENTIFIER = "com.doksoz.Tip-CalculatorTests";
				PRODUCT_NAME = "$(TARGET_NAME)";
				SWIFT_EMIT_LOC_STRINGS = NO;
				SWIFT_VERSION = 5.0;
				TARGETED_DEVICE_FAMILY = "1,2";
				TEST_HOST = "$(BUILT_PRODUCTS_DIR)/Tip-Calculator.app/$(BUNDLE_EXECUTABLE_FOLDER_PATH)/Tip-Calculator";
			};
			name = Release;
		};
		DDE1BBFA2A8B641700E5AC8D /* Debug */ = {
			isa = XCBuildConfiguration;
			buildSettings = {
				ALWAYS_EMBED_SWIFT_STANDARD_LIBRARIES = YES;
				CODE_SIGN_STYLE = Automatic;
				CURRENT_PROJECT_VERSION = 1;
				DEVELOPMENT_TEAM = XQL347TANQ;
				GENERATE_INFOPLIST_FILE = YES;
				MARKETING_VERSION = 1.0;
				PRODUCT_BUNDLE_IDENTIFIER = "com.doksoz.Tip-CalculatorUITests";
				PRODUCT_NAME = "$(TARGET_NAME)";
				SWIFT_EMIT_LOC_STRINGS = NO;
				SWIFT_VERSION = 5.0;
				TARGETED_DEVICE_FAMILY = "1,2";
				TEST_TARGET_NAME = "Tip-Calculator";
			};
			name = Debug;
		};
		DDE1BBFB2A8B641700E5AC8D /* Release */ = {
			isa = XCBuildConfiguration;
			buildSettings = {
				ALWAYS_EMBED_SWIFT_STANDARD_LIBRARIES = YES;
				CODE_SIGN_STYLE = Automatic;
				CURRENT_PROJECT_VERSION = 1;
				DEVELOPMENT_TEAM = XQL347TANQ;
				GENERATE_INFOPLIST_FILE = YES;
				MARKETING_VERSION = 1.0;
				PRODUCT_BUNDLE_IDENTIFIER = "com.doksoz.Tip-CalculatorUITests";
				PRODUCT_NAME = "$(TARGET_NAME)";
				SWIFT_EMIT_LOC_STRINGS = NO;
				SWIFT_VERSION = 5.0;
				TARGETED_DEVICE_FAMILY = "1,2";
				TEST_TARGET_NAME = "Tip-Calculator";
			};
			name = Release;
		};
/* End XCBuildConfiguration section */

/* Begin XCConfigurationList section */
		DDE1BBC42A8B641400E5AC8D /* Build configuration list for PBXProject "Tip-Calculator" */ = {
			isa = XCConfigurationList;
			buildConfigurations = (
				DDE1BBF12A8B641700E5AC8D /* Debug */,
				DDE1BBF22A8B641700E5AC8D /* Release */,
			);
			defaultConfigurationIsVisible = 0;
			defaultConfigurationName = Release;
		};
		DDE1BBF32A8B641700E5AC8D /* Build configuration list for PBXNativeTarget "Tip-Calculator" */ = {
			isa = XCConfigurationList;
			buildConfigurations = (
				DDE1BBF42A8B641700E5AC8D /* Debug */,
				DDE1BBF52A8B641700E5AC8D /* Release */,
			);
			defaultConfigurationIsVisible = 0;
			defaultConfigurationName = Release;
		};
		DDE1BBF62A8B641700E5AC8D /* Build configuration list for PBXNativeTarget "Tip-CalculatorTests" */ = {
			isa = XCConfigurationList;
			buildConfigurations = (
				DDE1BBF72A8B641700E5AC8D /* Debug */,
				DDE1BBF82A8B641700E5AC8D /* Release */,
			);
			defaultConfigurationIsVisible = 0;
			defaultConfigurationName = Release;
		};
		DDE1BBF92A8B641700E5AC8D /* Build configuration list for PBXNativeTarget "Tip-CalculatorUITests" */ = {
			isa = XCConfigurationList;
			buildConfigurations = (
				DDE1BBFA2A8B641700E5AC8D /* Debug */,
				DDE1BBFB2A8B641700E5AC8D /* Release */,
			);
			defaultConfigurationIsVisible = 0;
			defaultConfigurationName = Release;
		};
/* End XCConfigurationList section */

/* Begin XCRemoteSwiftPackageReference section */
		DDE1BBFF2A8B64BD00E5AC8D /* XCRemoteSwiftPackageReference "CombineCocoa" */ = {
			isa = XCRemoteSwiftPackageReference;
			repositoryURL = "https://github.com/CombineCommunity/CombineCocoa";
			requirement = {
				kind = upToNextMajorVersion;
				minimumVersion = 0.4.1;
			};
		};
		DDE1BC022A8B64E300E5AC8D /* XCRemoteSwiftPackageReference "SnapKit" */ = {
			isa = XCRemoteSwiftPackageReference;
			repositoryURL = "https://github.com/SnapKit/SnapKit.git";
			requirement = {
				kind = upToNextMajorVersion;
				minimumVersion = 5.0.0;
			};
		};
		DDE1BC082A8B659700E5AC8D /* XCRemoteSwiftPackageReference "swift-snapshot-testing" */ = {
			isa = XCRemoteSwiftPackageReference;
			repositoryURL = "https://github.com/pointfreeco/swift-snapshot-testing";
			requirement = {
				kind = upToNextMajorVersion;
				minimumVersion = 1.0.0;
			};
		};
/* End XCRemoteSwiftPackageReference section */

/* Begin XCSwiftPackageProductDependency section */
		DDE1BC002A8B64BD00E5AC8D /* CombineCocoa */ = {
			isa = XCSwiftPackageProductDependency;
			package = DDE1BBFF2A8B64BD00E5AC8D /* XCRemoteSwiftPackageReference "CombineCocoa" */;
			productName = CombineCocoa;
		};
		DDE1BC032A8B64E300E5AC8D /* SnapKit */ = {
			isa = XCSwiftPackageProductDependency;
			package = DDE1BC022A8B64E300E5AC8D /* XCRemoteSwiftPackageReference "SnapKit" */;
			productName = SnapKit;
		};
		DDE1BC062A8B653D00E5AC8D /* CombineCocoa */ = {
			isa = XCSwiftPackageProductDependency;
			package = DDE1BBFF2A8B64BD00E5AC8D /* XCRemoteSwiftPackageReference "CombineCocoa" */;
			productName = CombineCocoa;
		};
		DDE1BC092A8B659700E5AC8D /* SnapshotTesting */ = {
			isa = XCSwiftPackageProductDependency;
			package = DDE1BC082A8B659700E5AC8D /* XCRemoteSwiftPackageReference "swift-snapshot-testing" */;
			productName = SnapshotTesting;
		};
		DDE1BC0B2A8B65B800E5AC8D /* CombineCocoa */ = {
			isa = XCSwiftPackageProductDependency;
			package = DDE1BBFF2A8B64BD00E5AC8D /* XCRemoteSwiftPackageReference "CombineCocoa" */;
			productName = CombineCocoa;
		};
/* End XCSwiftPackageProductDependency section */
	};
	rootObject = DDE1BBC12A8B641400E5AC8D /* Project object */;
}
