// !$*UTF8*$!
{
	archiveVersion = 1;
	classes = {
	};
	objectVersion = 56;
	objects = {

/* Begin PBXBuildFile section */
		DDE1BBCD2A8B641500E5AC8D /* AppDelegate.swift in Sources */ = {isa = PBXBuildFile; fileRef = DDE1BBCC2A8B641500E5AC8D /* AppDelegate.swift */; };
		DDE1BBCF2A8B641500E5AC8D /* SceneDelegate.swift in Sources */ = {isa = PBXBuildFile; fileRef = DDE1BBCE2A8B641500E5AC8D /* SceneDelegate.swift */; };
		DDE1BBD12A8B641500E5AC8D /* ViewController.swift in Sources */ = {isa = PBXBuildFile; fileRef = DDE1BBD02A8B641500E5AC8D /* ViewController.swift */; };
		DDE1BBD42A8B641500E5AC8D /* Main.storyboard in Resources */ = {isa = PBXBuildFile; fileRef = DDE1BBD22A8B641500E5AC8D /* Main.storyboard */; };
		DDE1BBD62A8B641700E5AC8D /* Assets.xcassets in Resources */ = {isa = PBXBuildFile; fileRef = DDE1BBD52A8B641700E5AC8D /* Assets.xcassets */; };
		DDE1BBD92A8B641700E5AC8D /* LaunchScreen.storyboard in Resources */ = {isa = PBXBuildFile; fileRef = DDE1BBD72A8B641700E5AC8D /* LaunchScreen.storyboard */; };
		DDE1BBE42A8B641700E5AC8D /* Tip_CalculatorTests.swift in Sources */ = {isa = PBXBuildFile; fileRef = DDE1BBE32A8B641700E5AC8D /* Tip_CalculatorTests.swift */; };
		DDE1BBEE2A8B641700E5AC8D /* Tip_CalculatorUITests.swift in Sources */ = {isa = PBXBuildFile; fileRef = DDE1BBED2A8B641700E5AC8D /* Tip_CalculatorUITests.swift */; };
		DDE1BBF02A8B641700E5AC8D /* Tip_CalculatorUITestsLaunchTests.swift in Sources */ = {isa = PBXBuildFile; fileRef = DDE1BBEF2A8B641700E5AC8D /* Tip_CalculatorUITestsLaunchTests.swift */; };
/* End PBXBuildFile section */

/* Begin PBXContainerItemProxy section */
		DDE1BBE02A8B641700E5AC8D /* PBXContainerItemProxy */ = {
			isa = PBXContainerItemProxy;
			containerPortal = DDE1BBC12A8B641400E5AC8D /* Project object */;
			proxyType = 1;
			remoteGlobalIDString = DDE1BBC82A8B641500E5AC8D;
			remoteInfo = "Tip-Calculator";
		};
		DDE1BBEA2A8B641700E5AC8D /* PBXContainerItemProxy */ = {
			isa = PBXContainerItemProxy;
			containerPortal = DDE1BBC12A8B641400E5AC8D /* Project object */;
			proxyType = 1;
			remoteGlobalIDString = DDE1BBC82A8B641500E5AC8D;
			remoteInfo = "Tip-Calculator";
		};
/* End PBXContainerItemProxy section */

/* Begin PBXFileReference section */
		DDE1BBC92A8B641500E5AC8D /* Tip-Calculator.app */ = {isa = PBXFileReference; explicitFileType = wrapper.application; includeInIndex = 0; path = "Tip-Calculator.app"; sourceTree = BUILT_PRODUCTS_DIR; };
		DDE1BBCC2A8B641500E5AC8D /* AppDelegate.swift */ = {isa = PBXFileReference; lastKnownFileType = sourcecode.swift; path = AppDelegate.swift; sourceTree = "<group>"; };
		DDE1BBCE2A8B641500E5AC8D /* SceneDelegate.swift */ = {isa = PBXFileReference; lastKnownFileType = sourcecode.swift; path = SceneDelegate.swift; sourceTree = "<group>"; };
		DDE1BBD02A8B641500E5AC8D /* ViewController.swift */ = {isa = PBXFileReference; lastKnownFileType = sourcecode.swift; path = ViewController.swift; sourceTree = "<group>"; };
		DDE1BBD32A8B641500E5AC8D /* Base */ = {isa = PBXFileReference; lastKnownFileType = file.storyboard; name = Base; path = Base.lproj/Main.storyboard; sourceTree = "<group>"; };
		DDE1BBD52A8B641700E5AC8D /* Assets.xcassets */ = {isa = PBXFileReference; lastKnownFileType = folder.assetcatalog; path = Assets.xcassets; sourceTree = "<group>"; };
		DDE1BBD82A8B641700E5AC8D /* Base */ = {isa = PBXFileReference; lastKnownFileType = file.storyboard; name = Base; path = Base.lproj/LaunchScreen.storyboard; sourceTree = "<group>"; };
		DDE1BBDA2A8B641700E5AC8D /* Info.plist */ = {isa = PBXFileReference; lastKnownFileType = text.plist.xml; path = Info.plist; sourceTree = "<group>"; };
		DDE1BBDF2A8B641700E5AC8D /* Tip-CalculatorTests.xctest */ = {isa = PBXFileReference; explicitFileType = wrapper.cfbundle; includeInIndex = 0; path = "Tip-CalculatorTests.xctest"; sourceTree = BUILT_PRODUCTS_DIR; };
		DDE1BBE32A8B641700E5AC8D /* Tip_CalculatorTests.swift */ = {isa = PBXFileReference; lastKnownFileType = sourcecode.swift; path = Tip_CalculatorTests.swift; sourceTree = "<group>"; };
		DDE1BBE92A8B641700E5AC8D /* Tip-CalculatorUITests.xctest */ = {isa = PBXFileReference; explicitFileType = wrapper.cfbundle; includeInIndex = 0; path = "Tip-CalculatorUITests.xctest"; sourceTree = BUILT_PRODUCTS_DIR; };
		DDE1BBED2A8B641700E5AC8D /* Tip_CalculatorUITests.swift */ = {isa = PBXFileReference; lastKnownFileType = sourcecode.swift; path = Tip_CalculatorUITests.swift; sourceTree = "<group>"; };
		DDE1BBEF2A8B641700E5AC8D /* Tip_CalculatorUITestsLaunchTests.swift */ = {isa = PBXFileReference; lastKnownFileType = sourcecode.swift; path = Tip_CalculatorUITestsLaunchTests.swift; sourceTree = "<group>"; };
/* End PBXFileReference section */

/* Begin PBXFrameworksBuildPhase section */
		DDE1BBC62A8B641500E5AC8D /* Frameworks */ = {
			isa = PBXFrameworksBuildPhase;
			buildActionMask = 2147483647;
			files = (
			);
			runOnlyForDeploymentPostprocessing = 0;
		};
		DDE1BBDC2A8B641700E5AC8D /* Frameworks */ = {
			isa = PBXFrameworksBuildPhase;
			buildActionMask = 2147483647;
			files = (
			);
			runOnlyForDeploymentPostprocessing = 0;
		};
		DDE1BBE62A8B641700E5AC8D /* Frameworks */ = {
			isa = PBXFrameworksBuildPhase;
			buildActionMask = 2147483647;
			files = (
			);
			runOnlyForDeploymentPostprocessing = 0;
		};
/* End PBXFrameworksBuildPhase section */

/* Begin PBXGroup section */
		DDE1BBC02A8B641400E5AC8D = {
			isa = PBXGroup;
			children = (
				DDE1BBCB2A8B641500E5AC8D /* Tip-Calculator */,
				DDE1BBE22A8B641700E5AC8D /* Tip-CalculatorTests */,
				DDE1BBEC2A8B641700E5AC8D /* Tip-CalculatorUITests */,
				DDE1BBCA2A8B641500E5AC8D /* Products */,
			);
			sourceTree = "<group>";
		};
		DDE1BBCA2A8B641500E5AC8D /* Products */ = {
			isa = PBXGroup;
			children = (
				DDE1BBC92A8B641500E5AC8D /* Tip-Calculator.app */,
				DDE1BBDF2A8B641700E5AC8D /* Tip-CalculatorTests.xctest */,
				DDE1BBE92A8B641700E5AC8D /* Tip-CalculatorUITests.xctest */,
			);
			name = Products;
			sourceTree = "<group>";
		};
		DDE1BBCB2A8B641500E5AC8D /* Tip-Calculator */ = {
			isa = PBXGroup;
			children = (
				DDE1BBCC2A8B641500E5AC8D /* AppDelegate.swift */,
				DDE1BBCE2A8B641500E5AC8D /* SceneDelegate.swift */,
				DDE1BBD02A8B641500E5AC8D /* ViewController.swift */,
				DDE1BBD22A8B641500E5AC8D /* Main.storyboard */,
				DDE1BBD52A8B641700E5AC8D /* Assets.xcassets */,
				DDE1BBD72A8B641700E5AC8D /* LaunchScreen.storyboard */,
				DDE1BBDA2A8B641700E5AC8D /* Info.plist */,
			);
			path = "Tip-Calculator";
			sourceTree = "<group>";
		};
		DDE1BBE22A8B641700E5AC8D /* Tip-CalculatorTests */ = {
			isa = PBXGroup;
			children = (
				DDE1BBE32A8B641700E5AC8D /* Tip_CalculatorTests.swift */,
			);
			path = "Tip-CalculatorTests";
			sourceTree = "<group>";
		};
		DDE1BBEC2A8B641700E5AC8D /* Tip-CalculatorUITests */ = {
			isa = PBXGroup;
			children = (
				DDE1BBED2A8B641700E5AC8D /* Tip_CalculatorUITests.swift */,
				DDE1BBEF2A8B641700E5AC8D /* Tip_CalculatorUITestsLaunchTests.swift */,
			);
			path = "Tip-CalculatorUITests";
			sourceTree = "<group>";
		};
/* End PBXGroup section */

/* Begin PBXNativeTarget section */
		DDE1BBC82A8B641500E5AC8D /* Tip-Calculator */ = {
			isa = PBXNativeTarget;
			buildConfigurationList = DDE1BBF32A8B641700E5AC8D /* Build configuration list for PBXNativeTarget "Tip-Calculator" */;
			buildPhases = (
				DDE1BBC52A8B641500E5AC8D /* Sources */,
				DDE1BBC62A8B641500E5AC8D /* Frameworks */,
				DDE1BBC72A8B641500E5AC8D /* Resources */,
			);
			buildRules = (
			);
			dependencies = (
			);
			name = "Tip-Calculator";
			productName = "Tip-Calculator";
			productReference = DDE1BBC92A8B641500E5AC8D /* Tip-Calculator.app */;
			productType = "com.apple.product-type.application";
		};
		DDE1BBDE2A8B641700E5AC8D /* Tip-CalculatorTests */ = {
			isa = PBXNativeTarget;
			buildConfigurationList = DDE1BBF62A8B641700E5AC8D /* Build configuration list for PBXNativeTarget "Tip-CalculatorTests" */;
			buildPhases = (
				DDE1BBDB2A8B641700E5AC8D /* Sources */,
				DDE1BBDC2A8B641700E5AC8D /* Frameworks */,
				DDE1BBDD2A8B641700E5AC8D /* Resources */,
			);
			buildRules = (
			);
			dependencies = (
				DDE1BBE12A8B641700E5AC8D /* PBXTargetDependency */,
			);
			name = "Tip-CalculatorTests";
			productName = "Tip-CalculatorTests";
			productReference = DDE1BBDF2A8B641700E5AC8D /* Tip-CalculatorTests.xctest */;
			productType = "com.apple.product-type.bundle.unit-test";
		};
		DDE1BBE82A8B641700E5AC8D /* Tip-CalculatorUITests */ = {
			isa = PBXNativeTarget;
			buildConfigurationList = DDE1BBF92A8B641700E5AC8D /* Build configuration list for PBXNativeTarget "Tip-CalculatorUITests" */;
			buildPhases = (
				DDE1BBE52A8B641700E5AC8D /* Sources */,
				DDE1BBE62A8B641700E5AC8D /* Frameworks */,
				DDE1BBE72A8B641700E5AC8D /* Resources */,
			);
			buildRules = (
			);
			dependencies = (
				DDE1BBEB2A8B641700E5AC8D /* PBXTargetDependency */,
			);
			name = "Tip-CalculatorUITests";
			productName = "Tip-CalculatorUITests";
			productReference = DDE1BBE92A8B641700E5AC8D /* Tip-CalculatorUITests.xctest */;
			productType = "com.apple.product-type.bundle.ui-testing";
		};
/* End PBXNativeTarget section */

/* Begin PBXProject section */
		DDE1BBC12A8B641400E5AC8D /* Project object */ = {
			isa = PBXProject;
			attributes = {
				BuildIndependentTargetsInParallel = 1;
				LastSwiftUpdateCheck = 1430;
				LastUpgradeCheck = 1430;
				TargetAttributes = {
					DDE1BBC82A8B641500E5AC8D = {
						CreatedOnToolsVersion = 14.3.1;
					};
					DDE1BBDE2A8B641700E5AC8D = {
						CreatedOnToolsVersion = 14.3.1;
						TestTargetID = DDE1BBC82A8B641500E5AC8D;
					};
					DDE1BBE82A8B641700E5AC8D = {
						CreatedOnToolsVersion = 14.3.1;
						TestTargetID = DDE1BBC82A8B641500E5AC8D;
					};
				};
			};
			buildConfigurationList = DDE1BBC42A8B641400E5AC8D /* Build configuration list for PBXProject "Tip-Calculator" */;
			compatibilityVersion = "Xcode 14.0";
			developmentRegion = en;
			hasScannedForEncodings = 0;
			knownRegions = (
				en,
				Base,
			);
			mainGroup = DDE1BBC02A8B641400E5AC8D;
			productRefGroup = DDE1BBCA2A8B641500E5AC8D /* Products */;
			projectDirPath = "";
			projectRoot = "";
			targets = (
				DDE1BBC82A8B641500E5AC8D /* Tip-Calculator */,
				DDE1BBDE2A8B641700E5AC8D /* Tip-CalculatorTests */,
				DDE1BBE82A8B641700E5AC8D /* Tip-CalculatorUITests */,
			);
		};
/* End PBXProject section */

/* Begin PBXResourcesBuildPhase section */
		DDE1BBC72A8B641500E5AC8D /* Resources */ = {
			isa = PBXResourcesBuildPhase;
			buildActionMask = 2147483647;
			files = (
				DDE1BBD92A8B641700E5AC8D /* LaunchScreen.storyboard in Resources */,
				DDE1BBD62A8B641700E5AC8D /* Assets.xcassets in Resources */,
				DDE1BBD42A8B641500E5AC8D /* Main.storyboard in Resources */,
			);
			runOnlyForDeploymentPostprocessing = 0;
		};
		DDE1BBDD2A8B641700E5AC8D /* Resources */ = {
			isa = PBXResourcesBuildPhase;
			buildActionMask = 2147483647;
			files = (
			);
			runOnlyForDeploymentPostprocessing = 0;
		};
		DDE1BBE72A8B641700E5AC8D /* Resources */ = {
			isa = PBXResourcesBuildPhase;
			buildActionMask = 2147483647;
			files = (
			);
			runOnlyForDeploymentPostprocessing = 0;
		};
/* End PBXResourcesBuildPhase section */

/* Begin PBXSourcesBuildPhase section */
		DDE1BBC52A8B641500E5AC8D /* Sources */ = {
			isa = PBXSourcesBuildPhase;
			buildActionMask = 2147483647;
			files = (
				DDE1BBD12A8B641500E5AC8D /* ViewController.swift in Sources */,
				DDE1BBCD2A8B641500E5AC8D /* AppDelegate.swift in Sources */,
				DDE1BBCF2A8B641500E5AC8D /* SceneDelegate.swift in Sources */,
			);
			runOnlyForDeploymentPostprocessing = 0;
		};
		DDE1BBDB2A8B641700E5AC8D /* Sources */ = {
			isa = PBXSourcesBuildPhase;
			buildActionMask = 2147483647;
			files = (
				DDE1BBE42A8B641700E5AC8D /* Tip_CalculatorTests.swift in Sources */,
			);
			runOnlyForDeploymentPostprocessing = 0;
		};
		DDE1BBE52A8B641700E5AC8D /* Sources */ = {
			isa = PBXSourcesBuildPhase;
			buildActionMask = 2147483647;
			files = (
				DDE1BBF02A8B641700E5AC8D /* Tip_CalculatorUITestsLaunchTests.swift in Sources */,
				DDE1BBEE2A8B641700E5AC8D /* Tip_CalculatorUITests.swift in Sources */,
			);
			runOnlyForDeploymentPostprocessing = 0;
		};
/* End PBXSourcesBuildPhase section */

/* Begin PBXTargetDependency section */
		DDE1BBE12A8B641700E5AC8D /* PBXTargetDependency */ = {
			isa = PBXTargetDependency;
			target = DDE1BBC82A8B641500E5AC8D /* Tip-Calculator */;
			targetProxy = DDE1BBE02A8B641700E5AC8D /* PBXContainerItemProxy */;
		};
		DDE1BBEB2A8B641700E5AC8D /* PBXTargetDependency */ = {
			isa = PBXTargetDependency;
			target = DDE1BBC82A8B641500E5AC8D /* Tip-Calculator */;
			targetProxy = DDE1BBEA2A8B641700E5AC8D /* PBXContainerItemProxy */;
		};
/* End PBXTargetDependency section */

/* Begin PBXVariantGroup section */
		DDE1BBD22A8B641500E5AC8D /* Main.storyboard */ = {
			isa = PBXVariantGroup;
			children = (
				DDE1BBD32A8B641500E5AC8D /* Base */,
			);
			name = Main.storyboard;
			sourceTree = "<group>";
		};
		DDE1BBD72A8B641700E5AC8D /* LaunchScreen.storyboard */ = {
			isa = PBXVariantGroup;
			children = (
				DDE1BBD82A8B641700E5AC8D /* Base */,
			);
			name = LaunchScreen.storyboard;
			sourceTree = "<group>";
		};
/* End PBXVariantGroup section */

/* Begin XCBuildConfiguration section */
		DDE1BBF12A8B641700E5AC8D /* Debug */ = {
			isa = XCBuildConfiguration;
			buildSettings = {
				ALWAYS_SEARCH_USER_PATHS = NO;
				CLANG_ANALYZER_NONNULL = YES;
				CLANG_ANALYZER_NUMBER_OBJECT_CONVERSION = YES_AGGRESSIVE;
				CLANG_CXX_LANGUAGE_STANDARD = "gnu++20";
				CLANG_ENABLE_MODULES = YES;
				CLANG_ENABLE_OBJC_ARC = YES;
				CLANG_ENABLE_OBJC_WEAK = YES;
				CLANG_WARN_BLOCK_CAPTURE_AUTORELEASING = YES;
				CLANG_WARN_BOOL_CONVERSION = YES;
				CLANG_WARN_COMMA = YES;
				CLANG_WARN_CONSTANT_CONVERSION = YES;
				CLANG_WARN_DEPRECATED_OBJC_IMPLEMENTATIONS = YES;
				CLANG_WARN_DIRECT_OBJC_ISA_USAGE = YES_ERROR;
				CLANG_WARN_DOCUMENTATION_COMMENTS = YES;
				CLANG_WARN_EMPTY_BODY = YES;
				CLANG_WARN_ENUM_CONVERSION = YES;
				CLANG_WARN_INFINITE_RECURSION = YES;
				CLANG_WARN_INT_CONVERSION = YES;
				CLANG_WARN_NON_LITERAL_NULL_CONVERSION = YES;
				CLANG_WARN_OBJC_IMPLICIT_RETAIN_SELF = YES;
				CLANG_WARN_OBJC_LITERAL_CONVERSION = YES;
				CLANG_WARN_OBJC_ROOT_CLASS = YES_ERROR;
				CLANG_WARN_QUOTED_INCLUDE_IN_FRAMEWORK_HEADER = YES;
				CLANG_WARN_RANGE_LOOP_ANALYSIS = YES;
				CLANG_WARN_STRICT_PROTOTYPES = YES;
				CLANG_WARN_SUSPICIOUS_MOVE = YES;
				CLANG_WARN_UNGUARDED_AVAILABILITY = YES_AGGRESSIVE;
				CLANG_WARN_UNREACHABLE_CODE = YES;
				CLANG_WARN__DUPLICATE_METHOD_MATCH = YES;
				COPY_PHASE_STRIP = NO;
				DEBUG_INFORMATION_FORMAT = dwarf;
				ENABLE_STRICT_OBJC_MSGSEND = YES;
				ENABLE_TESTABILITY = YES;
				GCC_C_LANGUAGE_STANDARD = gnu11;
				GCC_DYNAMIC_NO_PIC = NO;
				GCC_NO_COMMON_BLOCKS = YES;
				GCC_OPTIMIZATION_LEVEL = 0;
				GCC_PREPROCESSOR_DEFINITIONS = (
					"DEBUG=1",
					"$(inherited)",
				);
				GCC_WARN_64_TO_32_BIT_CONVERSION = YES;
				GCC_WARN_ABOUT_RETURN_TYPE = YES_ERROR;
				GCC_WARN_UNDECLARED_SELECTOR = YES;
				GCC_WARN_UNINITIALIZED_AUTOS = YES_AGGRESSIVE;
				GCC_WARN_UNUSED_FUNCTION = YES;
				GCC_WARN_UNUSED_VARIABLE = YES;
				IPHONEOS_DEPLOYMENT_TARGET = 16.4;
				MTL_ENABLE_DEBUG_INFO = INCLUDE_SOURCE;
				MTL_FAST_MATH = YES;
				ONLY_ACTIVE_ARCH = YES;
				SDKROOT = iphoneos;
				SWIFT_ACTIVE_COMPILATION_CONDITIONS = DEBUG;
				SWIFT_OPTIMIZATION_LEVEL = "-Onone";
			};
			name = Debug;
		};
		DDE1BBF22A8B641700E5AC8D /* Release */ = {
			isa = XCBuildConfiguration;
			buildSettings = {
				ALWAYS_SEARCH_USER_PATHS = NO;
				CLANG_ANALYZER_NONNULL = YES;
				CLANG_ANALYZER_NUMBER_OBJECT_CONVERSION = YES_AGGRESSIVE;
				CLANG_CXX_LANGUAGE_STANDARD = "gnu++20";
				CLANG_ENABLE_MODULES = YES;
				CLANG_ENABLE_OBJC_ARC = YES;
				CLANG_ENABLE_OBJC_WEAK = YES;
				CLANG_WARN_BLOCK_CAPTURE_AUTORELEASING = YES;
				CLANG_WARN_BOOL_CONVERSION = YES;
				CLANG_WARN_COMMA = YES;
				CLANG_WARN_CONSTANT_CONVERSION = YES;
				CLANG_WARN_DEPRECATED_OBJC_IMPLEMENTATIONS = YES;
				CLANG_WARN_DIRECT_OBJC_ISA_USAGE = YES_ERROR;
				CLANG_WARN_DOCUMENTATION_COMMENTS = YES;
				CLANG_WARN_EMPTY_BODY = YES;
				CLANG_WARN_ENUM_CONVERSION = YES;
				CLANG_WARN_INFINITE_RECURSION = YES;
				CLANG_WARN_INT_CONVERSION = YES;
				CLANG_WARN_NON_LITERAL_NULL_CONVERSION = YES;
				CLANG_WARN_OBJC_IMPLICIT_RETAIN_SELF = YES;
				CLANG_WARN_OBJC_LITERAL_CONVERSION = YES;
				CLANG_WARN_OBJC_ROOT_CLASS = YES_ERROR;
				CLANG_WARN_QUOTED_INCLUDE_IN_FRAMEWORK_HEADER = YES;
				CLANG_WARN_RANGE_LOOP_ANALYSIS = YES;
				CLANG_WARN_STRICT_PROTOTYPES = YES;
				CLANG_WARN_SUSPICIOUS_MOVE = YES;
				CLANG_WARN_UNGUARDED_AVAILABILITY = YES_AGGRESSIVE;
				CLANG_WARN_UNREACHABLE_CODE = YES;
				CLANG_WARN__DUPLICATE_METHOD_MATCH = YES;
				COPY_PHASE_STRIP = NO;
				DEBUG_INFORMATION_FORMAT = "dwarf-with-dsym";
				ENABLE_NS_ASSERTIONS = NO;
				ENABLE_STRICT_OBJC_MSGSEND = YES;
				GCC_C_LANGUAGE_STANDARD = gnu11;
				GCC_NO_COMMON_BLOCKS = YES;
				GCC_WARN_64_TO_32_BIT_CONVERSION = YES;
				GCC_WARN_ABOUT_RETURN_TYPE = YES_ERROR;
				GCC_WARN_UNDECLARED_SELECTOR = YES;
				GCC_WARN_UNINITIALIZED_AUTOS = YES_AGGRESSIVE;
				GCC_WARN_UNUSED_FUNCTION = YES;
				GCC_WARN_UNUSED_VARIABLE = YES;
				IPHONEOS_DEPLOYMENT_TARGET = 16.4;
				MTL_ENABLE_DEBUG_INFO = NO;
				MTL_FAST_MATH = YES;
				SDKROOT = iphoneos;
				SWIFT_COMPILATION_MODE = wholemodule;
				SWIFT_OPTIMIZATION_LEVEL = "-O";
				VALIDATE_PRODUCT = YES;
			};
			name = Release;
		};
		DDE1BBF42A8B641700E5AC8D /* Debug */ = {
			isa = XCBuildConfiguration;
			buildSettings = {
				ASSETCATALOG_COMPILER_APPICON_NAME = AppIcon;
				ASSETCATALOG_COMPILER_GLOBAL_ACCENT_COLOR_NAME = AccentColor;
				CODE_SIGN_STYLE = Automatic;
				CURRENT_PROJECT_VERSION = 1;
				DEVELOPMENT_TEAM = XQL347TANQ;
				GENERATE_INFOPLIST_FILE = YES;
				INFOPLIST_FILE = "Tip-Calculator/Info.plist";
				INFOPLIST_KEY_UIApplicationSupportsIndirectInputEvents = YES;
				INFOPLIST_KEY_UILaunchStoryboardName = LaunchScreen;
				INFOPLIST_KEY_UIMainStoryboardFile = Main;
				INFOPLIST_KEY_UISupportedInterfaceOrientations_iPad = "UIInterfaceOrientationPortrait UIInterfaceOrientationPortraitUpsideDown UIInterfaceOrientationLandscapeLeft UIInterfaceOrientationLandscapeRight";
				INFOPLIST_KEY_UISupportedInterfaceOrientations_iPhone = "UIInterfaceOrientationPortrait UIInterfaceOrientationLandscapeLeft UIInterfaceOrientationLandscapeRight";
				LD_RUNPATH_SEARCH_PATHS = (
					"$(inherited)",
					"@executable_path/Frameworks",
				);
				MARKETING_VERSION = 1.0;
				PRODUCT_BUNDLE_IDENTIFIER = "com.doksoz.Tip-Calculator";
				PRODUCT_NAME = "$(TARGET_NAME)";
				SWIFT_EMIT_LOC_STRINGS = YES;
				SWIFT_VERSION = 5.0;
				TARGETED_DEVICE_FAMILY = "1,2";
			};
			name = Debug;
		};
		DDE1BBF52A8B641700E5AC8D /* Release */ = {
			isa = XCBuildConfiguration;
			buildSettings = {
				ASSETCATALOG_COMPILER_APPICON_NAME = AppIcon;
				ASSETCATALOG_COMPILER_GLOBAL_ACCENT_COLOR_NAME = AccentColor;
				CODE_SIGN_STYLE = Automatic;
				CURRENT_PROJECT_VERSION = 1;
				DEVELOPMENT_TEAM = XQL347TANQ;
				GENERATE_INFOPLIST_FILE = YES;
				INFOPLIST_FILE = "Tip-Calculator/Info.plist";
				INFOPLIST_KEY_UIApplicationSupportsIndirectInputEvents = YES;
				INFOPLIST_KEY_UILaunchStoryboardName = LaunchScreen;
				INFOPLIST_KEY_UIMainStoryboardFile = Main;
				INFOPLIST_KEY_UISupportedInterfaceOrientations_iPad = "UIInterfaceOrientationPortrait UIInterfaceOrientationPortraitUpsideDown UIInterfaceOrientationLandscapeLeft UIInterfaceOrientationLandscapeRight";
				INFOPLIST_KEY_UISupportedInterfaceOrientations_iPhone = "UIInterfaceOrientationPortrait UIInterfaceOrientationLandscapeLeft UIInterfaceOrientationLandscapeRight";
				LD_RUNPATH_SEARCH_PATHS = (
					"$(inherited)",
					"@executable_path/Frameworks",
				);
				MARKETING_VERSION = 1.0;
				PRODUCT_BUNDLE_IDENTIFIER = "com.doksoz.Tip-Calculator";
				PRODUCT_NAME = "$(TARGET_NAME)";
				SWIFT_EMIT_LOC_STRINGS = YES;
				SWIFT_VERSION = 5.0;
				TARGETED_DEVICE_FAMILY = "1,2";
			};
			name = Release;
		};
		DDE1BBF72A8B641700E5AC8D /* Debug */ = {
			isa = XCBuildConfiguration;
			buildSettings = {
				ALWAYS_EMBED_SWIFT_STANDARD_LIBRARIES = YES;
				BUNDLE_LOADER = "$(TEST_HOST)";
				CODE_SIGN_STYLE = Automatic;
				CURRENT_PROJECT_VERSION = 1;
				DEVELOPMENT_TEAM = XQL347TANQ;
				GENERATE_INFOPLIST_FILE = YES;
				IPHONEOS_DEPLOYMENT_TARGET = 16.4;
				MARKETING_VERSION = 1.0;
				PRODUCT_BUNDLE_IDENTIFIER = "com.doksoz.Tip-CalculatorTests";
				PRODUCT_NAME = "$(TARGET_NAME)";
				SWIFT_EMIT_LOC_STRINGS = NO;
				SWIFT_VERSION = 5.0;
				TARGETED_DEVICE_FAMILY = "1,2";
				TEST_HOST = "$(BUILT_PRODUCTS_DIR)/Tip-Calculator.app/$(BUNDLE_EXECUTABLE_FOLDER_PATH)/Tip-Calculator";
			};
			name = Debug;
		};
		DDE1BBF82A8B641700E5AC8D /* Release */ = {
			isa = XCBuildConfiguration;
			buildSettings = {
				ALWAYS_EMBED_SWIFT_STANDARD_LIBRARIES = YES;
				BUNDLE_LOADER = "$(TEST_HOST)";
				CODE_SIGN_STYLE = Automatic;
				CURRENT_PROJECT_VERSION = 1;
				DEVELOPMENT_TEAM = XQL347TANQ;
				GENERATE_INFOPLIST_FILE = YES;
				IPHONEOS_DEPLOYMENT_TARGET = 16.4;
				MARKETING_VERSION = 1.0;
				PRODUCT_BUNDLE_IDENTIFIER = "com.doksoz.Tip-CalculatorTests";
				PRODUCT_NAME = "$(TARGET_NAME)";
				SWIFT_EMIT_LOC_STRINGS = NO;
				SWIFT_VERSION = 5.0;
				TARGETED_DEVICE_FAMILY = "1,2";
				TEST_HOST = "$(BUILT_PRODUCTS_DIR)/Tip-Calculator.app/$(BUNDLE_EXECUTABLE_FOLDER_PATH)/Tip-Calculator";
			};
			name = Release;
		};
		DDE1BBFA2A8B641700E5AC8D /* Debug */ = {
			isa = XCBuildConfiguration;
			buildSettings = {
				ALWAYS_EMBED_SWIFT_STANDARD_LIBRARIES = YES;
				CODE_SIGN_STYLE = Automatic;
				CURRENT_PROJECT_VERSION = 1;
				DEVELOPMENT_TEAM = XQL347TANQ;
				GENERATE_INFOPLIST_FILE = YES;
				MARKETING_VERSION = 1.0;
				PRODUCT_BUNDLE_IDENTIFIER = "com.doksoz.Tip-CalculatorUITests";
				PRODUCT_NAME = "$(TARGET_NAME)";
				SWIFT_EMIT_LOC_STRINGS = NO;
				SWIFT_VERSION = 5.0;
				TARGETED_DEVICE_FAMILY = "1,2";
				TEST_TARGET_NAME = "Tip-Calculator";
			};
			name = Debug;
		};
		DDE1BBFB2A8B641700E5AC8D /* Release */ = {
			isa = XCBuildConfiguration;
			buildSettings = {
				ALWAYS_EMBED_SWIFT_STANDARD_LIBRARIES = YES;
				CODE_SIGN_STYLE = Automatic;
				CURRENT_PROJECT_VERSION = 1;
				DEVELOPMENT_TEAM = XQL347TANQ;
				GENERATE_INFOPLIST_FILE = YES;
				MARKETING_VERSION = 1.0;
				PRODUCT_BUNDLE_IDENTIFIER = "com.doksoz.Tip-CalculatorUITests";
				PRODUCT_NAME = "$(TARGET_NAME)";
				SWIFT_EMIT_LOC_STRINGS = NO;
				SWIFT_VERSION = 5.0;
				TARGETED_DEVICE_FAMILY = "1,2";
				TEST_TARGET_NAME = "Tip-Calculator";
			};
			name = Release;
		};
/* End XCBuildConfiguration section */

/* Begin XCConfigurationList section */
		DDE1BBC42A8B641400E5AC8D /* Build configuration list for PBXProject "Tip-Calculator" */ = {
			isa = XCConfigurationList;
			buildConfigurations = (
				DDE1BBF12A8B641700E5AC8D /* Debug */,
				DDE1BBF22A8B641700E5AC8D /* Release */,
			);
			defaultConfigurationIsVisible = 0;
			defaultConfigurationName = Release;
		};
		DDE1BBF32A8B641700E5AC8D /* Build configuration list for PBXNativeTarget "Tip-Calculator" */ = {
			isa = XCConfigurationList;
			buildConfigurations = (
				DDE1BBF42A8B641700E5AC8D /* Debug */,
				DDE1BBF52A8B641700E5AC8D /* Release */,
			);
			defaultConfigurationIsVisible = 0;
			defaultConfigurationName = Release;
		};
		DDE1BBF62A8B641700E5AC8D /* Build configuration list for PBXNativeTarget "Tip-CalculatorTests" */ = {
			isa = XCConfigurationList;
			buildConfigurations = (
				DDE1BBF72A8B641700E5AC8D /* Debug */,
				DDE1BBF82A8B641700E5AC8D /* Release */,
			);
			defaultConfigurationIsVisible = 0;
			defaultConfigurationName = Release;
		};
		DDE1BBF92A8B641700E5AC8D /* Build configuration list for PBXNativeTarget "Tip-CalculatorUITests" */ = {
			isa = XCConfigurationList;
			buildConfigurations = (
				DDE1BBFA2A8B641700E5AC8D /* Debug */,
				DDE1BBFB2A8B641700E5AC8D /* Release */,
			);
			defaultConfigurationIsVisible = 0;
			defaultConfigurationName = Release;
		};
/* End XCConfigurationList section */
	};
	rootObject = DDE1BBC12A8B641400E5AC8D /* Project object */;
}
